
Microsoft Visual Studio Solution File, Format Version 12.00
# Visual Studio Version 17
VisualStudioVersion = 17.4.33122.133
MinimumVisualStudioVersion = 10.0.40219.1
Project("{9A19103F-16F7-4668-BE54-9A1E7A4F7556}") = "App_HoaDon_HaiHau", "App_HoaDon_HaiHau\App_HoaDon_HaiHau.csproj", "{8EC76639-59DB-4FFB-A5A6-1BD68A66775B}"
EndProject
Global
	GlobalSection(SolutionConfigurationPlatforms) = preSolution
		All|Any CPU = All|Any CPU
		Debug|Any CPU = Debug|Any CPU
		Release|Any CPU = Release|Any CPU
	EndGlobalSection
	GlobalSection(ProjectConfigurationPlatforms) = postSolution
		{8EC76639-59DB-4FFB-A5A6-1BD68A66775B}.All|Any CPU.ActiveCfg = Release|Any CPU
		{8EC76639-59DB-4FFB-A5A6-1BD68A66775B}.All|Any CPU.Build.0 = Release|Any CPU
		{8EC76639-59DB-4FFB-A5A6-1BD68A66775B}.Debug|Any CPU.ActiveCfg = Debug|Any CPU
		{8EC76639-59DB-4FFB-A5A6-1BD68A66775B}.Debug|Any CPU.Build.0 = Debug|Any CPU
		{8EC76639-59DB-4FFB-A5A6-1BD68A66775B}.Release|Any CPU.ActiveCfg = Release|Any CPU
		{8EC76639-59DB-4FFB-A5A6-1BD68A66775B}.Release|Any CPU.Build.0 = Release|Any CPU
	EndGlobalSection
	GlobalSection(SolutionProperties) = preSolution
		HideSolutionNode = FALSE
	EndGlobalSection
	GlobalSection(ExtensibilityGlobals) = postSolution
		SolutionGuid = {A80DA9AD-1BC1-4434-AE5F-DDA3C0A1EDA7}
	EndGlobalSection
EndGlobal
